
Microsoft Visual Studio Solution File, Format Version 12.00
# Visual Studio Version 16
VisualStudioVersion = 16.0.30011.22
MinimumVisualStudioVersion = 10.0.40219.1
Project("{FAE04EC0-301F-11D3-BF4B-00C04F79EFBC}") = "Spacebox_XSEG", "Spacebox_XSEG\Spacebox_XSEG.csproj", "{BB6F61FB-CEE0-4524-BF79-20FE473C014B}"
EndProject
Global
	GlobalSection(SolutionConfigurationPlatforms) = preSolution
		Debug|Any CPU = Debug|Any CPU
		Release|Any CPU = Release|Any CPU
	EndGlobalSection
	GlobalSection(ProjectConfigurationPlatforms) = postSolution
		{BB6F61FB-CEE0-4524-BF79-20FE473C014B}.Debug|Any CPU.ActiveCfg = Debug|Any CPU
		{BB6F61FB-CEE0-4524-BF79-20FE473C014B}.Debug|Any CPU.Build.0 = Debug|Any CPU
		{BB6F61FB-CEE0-4524-BF79-20FE473C014B}.Release|Any CPU.ActiveCfg = Release|Any CPU
		{BB6F61FB-CEE0-4524-BF79-20FE473C014B}.Release|Any CPU.Build.0 = Release|Any CPU
	EndGlobalSection
	GlobalSection(SolutionProperties) = preSolution
		HideSolutionNode = FALSE
	EndGlobalSection
	GlobalSection(ExtensibilityGlobals) = postSolution
		SolutionGuid = {F93FF78D-2EE6-4D09-B568-7FA1548502C9}
	EndGlobalSection
EndGlobal
